// !$*UTF8*$!
{
	archiveVersion = 1;
	classes = {
	};
	objectVersion = 50;
	objects = {

/* Begin PBXBuildFile section */
		0436044D21ABEAEB008DFA44 /* AppDelegate.m in Sources */ = {isa = PBXBuildFile; fileRef = 0436044C21ABEAEB008DFA44 /* AppDelegate.m */; };
		0436045021ABEAEB008DFA44 /* ViewController.m in Sources */ = {isa = PBXBuildFile; fileRef = 0436044F21ABEAEB008DFA44 /* ViewController.m */; };
		0436045321ABEAEB008DFA44 /* Main.storyboard in Resources */ = {isa = PBXBuildFile; fileRef = 0436045121ABEAEB008DFA44 /* Main.storyboard */; };
		0436045621ABEAEB008DFA44 /* secretManagerKit.xcdatamodeld in Sources */ = {isa = PBXBuildFile; fileRef = 0436045421ABEAEB008DFA44 /* secretManagerKit.xcdatamodeld */; };
		0436045821ABEAEE008DFA44 /* Assets.xcassets in Resources */ = {isa = PBXBuildFile; fileRef = 0436045721ABEAEE008DFA44 /* Assets.xcassets */; };
		0436045B21ABEAEE008DFA44 /* LaunchScreen.storyboard in Resources */ = {isa = PBXBuildFile; fileRef = 0436045921ABEAEE008DFA44 /* LaunchScreen.storyboard */; };
		0436045E21ABEAEE008DFA44 /* main.m in Sources */ = {isa = PBXBuildFile; fileRef = 0436045D21ABEAEE008DFA44 /* main.m */; };
		0436046821ABEAEE008DFA44 /* secretManagerKitTests.m in Sources */ = {isa = PBXBuildFile; fileRef = 0436046721ABEAEE008DFA44 /* secretManagerKitTests.m */; };
		0436047321ABEAEE008DFA44 /* secretManagerKitUITests.m in Sources */ = {isa = PBXBuildFile; fileRef = 0436047221ABEAEE008DFA44 /* secretManagerKitUITests.m */; };
		0436048221ABEE56008DFA44 /* caculateSignViewController.m in Sources */ = {isa = PBXBuildFile; fileRef = 0436048121ABEE56008DFA44 /* caculateSignViewController.m */; };
		0444D5DA21B514EC004E6D30 /* AESCipher.m in Sources */ = {isa = PBXBuildFile; fileRef = 0444D5D921B514EC004E6D30 /* AESCipher.m */; };
		0444D5DB21B51937004E6D30 /* Keysave.m in Sources */ = {isa = PBXBuildFile; fileRef = 04FFB7F821B23D9B005F5701 /* Keysave.m */; };
		04B4D42521ACF47D00BDB498 /* secretManageViewController.m in Sources */ = {isa = PBXBuildFile; fileRef = 04B4D42421ACF47D00BDB498 /* secretManageViewController.m */; };
		04B4D43021AD3C0C00BDB498 /* checkSigncontroller.m in Sources */ = {isa = PBXBuildFile; fileRef = 04B4D42F21AD3C0C00BDB498 /* checkSigncontroller.m */; };
		04B4D43421AD3C7400BDB498 /* caculateFingerprintController.m in Sources */ = {isa = PBXBuildFile; fileRef = 04B4D43321AD3C7400BDB498 /* caculateFingerprintController.m */; };
		04B4D43821AD3C9C00BDB498 /* versionInfoController.m in Sources */ = {isa = PBXBuildFile; fileRef = 04B4D43721AD3C9C00BDB498 /* versionInfoController.m */; };
		04B4D43E21AD3DC400BDB498 /* createAccountController.m in Sources */ = {isa = PBXBuildFile; fileRef = 04B4D43D21AD3DC400BDB498 /* createAccountController.m */; };
		2F2A2C69D24AB47877667EEF /* libPods-secretManagerKit.a in Frameworks */ = {isa = PBXBuildFile; fileRef = 042A986321AD5945008EF564 /* libPods-secretManagerKit.a */; };
/* End PBXBuildFile section */

/* Begin PBXContainerItemProxy section */
		0436046421ABEAEE008DFA44 /* PBXContainerItemProxy */ = {
			isa = PBXContainerItemProxy;
			containerPortal = 0436044021ABEAEB008DFA44 /* Project object */;
			proxyType = 1;
			remoteGlobalIDString = 0436044721ABEAEB008DFA44;
			remoteInfo = secretManagerKit;
		};
		0436046F21ABEAEE008DFA44 /* PBXContainerItemProxy */ = {
			isa = PBXContainerItemProxy;
			containerPortal = 0436044021ABEAEB008DFA44 /* Project object */;
			proxyType = 1;
			remoteGlobalIDString = 0436044721ABEAEB008DFA44;
			remoteInfo = secretManagerKit;
		};
/* End PBXContainerItemProxy section */

/* Begin PBXFileReference section */
		02B12B92630F73EA2201A2FF /* libPods-secretManagerKit.a */ = {isa = PBXFileReference; explicitFileType = archive.ar; includeInIndex = 0; path = "libPods-secretManagerKit.a"; sourceTree = BUILT_PRODUCTS_DIR; };
		042A986121AD5941008EF564 /* libHSEther.a */ = {isa = PBXFileReference; explicitFileType = archive.ar; path = libHSEther.a; sourceTree = BUILT_PRODUCTS_DIR; };
		042A986321AD5945008EF564 /* libPods-secretManagerKit.a */ = {isa = PBXFileReference; explicitFileType = archive.ar; path = "libPods-secretManagerKit.a"; sourceTree = BUILT_PRODUCTS_DIR; };
		0436044821ABEAEB008DFA44 /* secretManagerKit.app */ = {isa = PBXFileReference; explicitFileType = wrapper.application; includeInIndex = 0; path = secretManagerKit.app; sourceTree = BUILT_PRODUCTS_DIR; };
		0436044B21ABEAEB008DFA44 /* AppDelegate.h */ = {isa = PBXFileReference; lastKnownFileType = sourcecode.c.h; path = AppDelegate.h; sourceTree = "<group>"; };
		0436044C21ABEAEB008DFA44 /* AppDelegate.m */ = {isa = PBXFileReference; lastKnownFileType = sourcecode.c.objc; path = AppDelegate.m; sourceTree = "<group>"; };
		0436044E21ABEAEB008DFA44 /* ViewController.h */ = {isa = PBXFileReference; lastKnownFileType = sourcecode.c.h; path = ViewController.h; sourceTree = "<group>"; };
		0436044F21ABEAEB008DFA44 /* ViewController.m */ = {isa = PBXFileReference; lastKnownFileType = sourcecode.c.objc; path = ViewController.m; sourceTree = "<group>"; };
		0436045221ABEAEB008DFA44 /* Base */ = {isa = PBXFileReference; lastKnownFileType = file.storyboard; name = Base; path = Base.lproj/Main.storyboard; sourceTree = "<group>"; };
		0436045521ABEAEB008DFA44 /* secretManagerKit.xcdatamodel */ = {isa = PBXFileReference; lastKnownFileType = wrapper.xcdatamodel; path = secretManagerKit.xcdatamodel; sourceTree = "<group>"; };
		0436045721ABEAEE008DFA44 /* Assets.xcassets */ = {isa = PBXFileReference; lastKnownFileType = folder.assetcatalog; path = Assets.xcassets; sourceTree = "<group>"; };
		0436045A21ABEAEE008DFA44 /* Base */ = {isa = PBXFileReference; lastKnownFileType = file.storyboard; name = Base; path = Base.lproj/LaunchScreen.storyboard; sourceTree = "<group>"; };
		0436045C21ABEAEE008DFA44 /* Info.plist */ = {isa = PBXFileReference; lastKnownFileType = text.plist.xml; path = Info.plist; sourceTree = "<group>"; };
		0436045D21ABEAEE008DFA44 /* main.m */ = {isa = PBXFileReference; lastKnownFileType = sourcecode.c.objc; path = main.m; sourceTree = "<group>"; };
		0436046321ABEAEE008DFA44 /* secretManagerKitTests.xctest */ = {isa = PBXFileReference; explicitFileType = wrapper.cfbundle; includeInIndex = 0; path = secretManagerKitTests.xctest; sourceTree = BUILT_PRODUCTS_DIR; };
		0436046721ABEAEE008DFA44 /* secretManagerKitTests.m */ = {isa = PBXFileReference; lastKnownFileType = sourcecode.c.objc; path = secretManagerKitTests.m; sourceTree = "<group>"; };
		0436046921ABEAEE008DFA44 /* Info.plist */ = {isa = PBXFileReference; lastKnownFileType = text.plist.xml; path = Info.plist; sourceTree = "<group>"; };
		0436046E21ABEAEE008DFA44 /* secretManagerKitUITests.xctest */ = {isa = PBXFileReference; explicitFileType = wrapper.cfbundle; includeInIndex = 0; path = secretManagerKitUITests.xctest; sourceTree = BUILT_PRODUCTS_DIR; };
		0436047221ABEAEE008DFA44 /* secretManagerKitUITests.m */ = {isa = PBXFileReference; lastKnownFileType = sourcecode.c.objc; path = secretManagerKitUITests.m; sourceTree = "<group>"; };
		0436047421ABEAEE008DFA44 /* Info.plist */ = {isa = PBXFileReference; lastKnownFileType = text.plist.xml; path = Info.plist; sourceTree = "<group>"; };
		0436048021ABEE56008DFA44 /* caculateSignViewController.h */ = {isa = PBXFileReference; lastKnownFileType = sourcecode.c.h; path = caculateSignViewController.h; sourceTree = "<group>"; };
		0436048121ABEE56008DFA44 /* caculateSignViewController.m */ = {isa = PBXFileReference; lastKnownFileType = sourcecode.c.objc; path = caculateSignViewController.m; sourceTree = "<group>"; };
		0444D5D321B4C185004E6D30 /* intTobyte.h */ = {isa = PBXFileReference; lastKnownFileType = sourcecode.c.h; path = intTobyte.h; sourceTree = "<group>"; };
		0444D5D821B514EC004E6D30 /* AESCipher.h */ = {isa = PBXFileReference; lastKnownFileType = sourcecode.c.h; path = AESCipher.h; sourceTree = "<group>"; };
		0444D5D921B514EC004E6D30 /* AESCipher.m */ = {isa = PBXFileReference; lastKnownFileType = sourcecode.c.objc; path = AESCipher.m; sourceTree = "<group>"; };
		045B19FD21B1220100A81795 /* create_delegate.h */ = {isa = PBXFileReference; lastKnownFileType = sourcecode.c.h; path = create_delegate.h; sourceTree = "<group>"; };
		04B4D42321ACF47D00BDB498 /* secretManageViewController.h */ = {isa = PBXFileReference; lastKnownFileType = sourcecode.c.h; path = secretManageViewController.h; sourceTree = "<group>"; };
		04B4D42421ACF47D00BDB498 /* secretManageViewController.m */ = {isa = PBXFileReference; lastKnownFileType = sourcecode.c.objc; path = secretManageViewController.m; sourceTree = "<group>"; };
		04B4D42E21AD3C0C00BDB498 /* checkSigncontroller.h */ = {isa = PBXFileReference; lastKnownFileType = sourcecode.c.h; path = checkSigncontroller.h; sourceTree = "<group>"; };
		04B4D42F21AD3C0C00BDB498 /* checkSigncontroller.m */ = {isa = PBXFileReference; lastKnownFileType = sourcecode.c.objc; path = checkSigncontroller.m; sourceTree = "<group>"; };
		04B4D43221AD3C7400BDB498 /* caculateFingerprintController.h */ = {isa = PBXFileReference; lastKnownFileType = sourcecode.c.h; path = caculateFingerprintController.h; sourceTree = "<group>"; };
		04B4D43321AD3C7400BDB498 /* caculateFingerprintController.m */ = {isa = PBXFileReference; lastKnownFileType = sourcecode.c.objc; path = caculateFingerprintController.m; sourceTree = "<group>"; };
		04B4D43621AD3C9C00BDB498 /* versionInfoController.h */ = {isa = PBXFileReference; lastKnownFileType = sourcecode.c.h; path = versionInfoController.h; sourceTree = "<group>"; };
		04B4D43721AD3C9C00BDB498 /* versionInfoController.m */ = {isa = PBXFileReference; lastKnownFileType = sourcecode.c.objc; path = versionInfoController.m; sourceTree = "<group>"; };
		04B4D43C21AD3DC400BDB498 /* createAccountController.h */ = {isa = PBXFileReference; lastKnownFileType = sourcecode.c.h; path = createAccountController.h; sourceTree = "<group>"; };
		04B4D43D21AD3DC400BDB498 /* createAccountController.m */ = {isa = PBXFileReference; lastKnownFileType = sourcecode.c.objc; path = createAccountController.m; sourceTree = "<group>"; };
		04B4D43F21AD467900BDB498 /* libHSEther.a */ = {isa = PBXFileReference; explicitFileType = archive.ar; path = libHSEther.a; sourceTree = BUILT_PRODUCTS_DIR; };
		04B4D46B21AD4A8900BDB498 /* hsether.a */ = {isa = PBXFileReference; lastKnownFileType = archive.ar; name = hsether.a; path = Pods/HSEther/HSEther/hsether.a; sourceTree = "<group>"; };
		04B4D4A321AD517C00BDB498 /* libHSEther.a */ = {isa = PBXFileReference; explicitFileType = archive.ar; path = libHSEther.a; sourceTree = BUILT_PRODUCTS_DIR; };
		04FFB7F721B23D9B005F5701 /* Keysave.h */ = {isa = PBXFileReference; lastKnownFileType = sourcecode.c.h; path = Keysave.h; sourceTree = "<group>"; };
		04FFB7F821B23D9B005F5701 /* Keysave.m */ = {isa = PBXFileReference; lastKnownFileType = sourcecode.c.objc; path = Keysave.m; sourceTree = "<group>"; };
		52860F7167674CE6933B4376 /* Pods-secretManagerKit.debug.xcconfig */ = {isa = PBXFileReference; includeInIndex = 1; lastKnownFileType = text.xcconfig; name = "Pods-secretManagerKit.debug.xcconfig"; path = "Target Support Files/Pods-secretManagerKit/Pods-secretManagerKit.debug.xcconfig"; sourceTree = "<group>"; };
		B805594E42CD0EBB6830880E /* Pods-secretManagerKit.release.xcconfig */ = {isa = PBXFileReference; includeInIndex = 1; lastKnownFileType = text.xcconfig; name = "Pods-secretManagerKit.release.xcconfig"; path = "Target Support Files/Pods-secretManagerKit/Pods-secretManagerKit.release.xcconfig"; sourceTree = "<group>"; };
/* End PBXFileReference section */

/* Begin PBXFrameworksBuildPhase section */
		0436044521ABEAEB008DFA44 /* Frameworks */ = {
			isa = PBXFrameworksBuildPhase;
			buildActionMask = 2147483647;
			files = (
				2F2A2C69D24AB47877667EEF /* libPods-secretManagerKit.a in Frameworks */,
			);
			runOnlyForDeploymentPostprocessing = 0;
		};
		0436046021ABEAEE008DFA44 /* Frameworks */ = {
			isa = PBXFrameworksBuildPhase;
			buildActionMask = 2147483647;
			files = (
			);
			runOnlyForDeploymentPostprocessing = 0;
		};
		0436046B21ABEAEE008DFA44 /* Frameworks */ = {
			isa = PBXFrameworksBuildPhase;
			buildActionMask = 2147483647;
			files = (
			);
			runOnlyForDeploymentPostprocessing = 0;
		};
/* End PBXFrameworksBuildPhase section */

/* Begin PBXGroup section */
		0436043F21ABEAEB008DFA44 = {
			isa = PBXGroup;
			children = (
				0436044A21ABEAEB008DFA44 /* secretManagerKit */,
				0436046621ABEAEE008DFA44 /* secretManagerKitTests */,
				0436047121ABEAEE008DFA44 /* secretManagerKitUITests */,
				0436044921ABEAEB008DFA44 /* Products */,
				9A482AF82D2777375374CEC3 /* Frameworks */,
				6414896766F349527B83561C /* Pods */,
			);
			sourceTree = "<group>";
		};
		0436044921ABEAEB008DFA44 /* Products */ = {
			isa = PBXGroup;
			children = (
				0436044821ABEAEB008DFA44 /* secretManagerKit.app */,
				0436046321ABEAEE008DFA44 /* secretManagerKitTests.xctest */,
				0436046E21ABEAEE008DFA44 /* secretManagerKitUITests.xctest */,
			);
			name = Products;
			sourceTree = "<group>";
		};
		0436044A21ABEAEB008DFA44 /* secretManagerKit */ = {
			isa = PBXGroup;
			children = (
				0444D5D721B514CB004E6D30 /* AES */,
				04FFB7F621B23D42005F5701 /* general_class */,
				045B19FB21B121B100A81795 /* protocol */,
				045B19F921B11E4B00A81795 /* my_c */,
				04B4D43B21AD3DA600BDB498 /* createAccount */,
				04B4D43A21AD3CDE00BDB498 /* storyboard */,
				04B4D43921AD3CB300BDB498 /* AppDelegate */,
				04B4D43521AD3C7D00BDB498 /* versionInfo */,
				04B4D43121AD3C2000BDB498 /* caculateFingerprint */,
				04B4D42D21AD3BD000BDB498 /* checkSign */,
				04B4D42C21AD3BB400BDB498 /* caculatesign */,
				04B4D42B21AD3BA300BDB498 /* home */,
				04B4D42A21AD3B8400BDB498 /* secretManage */,
				0436045721ABEAEE008DFA44 /* Assets.xcassets */,
				0436045C21ABEAEE008DFA44 /* Info.plist */,
				0436045D21ABEAEE008DFA44 /* main.m */,
				0436045421ABEAEB008DFA44 /* secretManagerKit.xcdatamodeld */,
			);
			path = secretManagerKit;
			sourceTree = "<group>";
		};
		0436046621ABEAEE008DFA44 /* secretManagerKitTests */ = {
			isa = PBXGroup;
			children = (
				0436046721ABEAEE008DFA44 /* secretManagerKitTests.m */,
				0436046921ABEAEE008DFA44 /* Info.plist */,
			);
			path = secretManagerKitTests;
			sourceTree = "<group>";
		};
		0436047121ABEAEE008DFA44 /* secretManagerKitUITests */ = {
			isa = PBXGroup;
			children = (
				0436047221ABEAEE008DFA44 /* secretManagerKitUITests.m */,
				0436047421ABEAEE008DFA44 /* Info.plist */,
			);
			path = secretManagerKitUITests;
			sourceTree = "<group>";
		};
		0444D5D721B514CB004E6D30 /* AES */ = {
			isa = PBXGroup;
			children = (
				0444D5D821B514EC004E6D30 /* AESCipher.h */,
				0444D5D921B514EC004E6D30 /* AESCipher.m */,
			);
			path = AES;
			sourceTree = "<group>";
		};
		045B19F921B11E4B00A81795 /* my_c */ = {
			isa = PBXGroup;
			children = (
				0444D5D321B4C185004E6D30 /* intTobyte.h */,
			);
			path = my_c;
			sourceTree = "<group>";
		};
		045B19FB21B121B100A81795 /* protocol */ = {
			isa = PBXGroup;
			children = (
				045B19FD21B1220100A81795 /* create_delegate.h */,
			);
			path = protocol;
			sourceTree = "<group>";
		};
		04B4D42A21AD3B8400BDB498 /* secretManage */ = {
			isa = PBXGroup;
			children = (
				04B4D42321ACF47D00BDB498 /* secretManageViewController.h */,
				04B4D42421ACF47D00BDB498 /* secretManageViewController.m */,
			);
			path = secretManage;
			sourceTree = "<group>";
		};
		04B4D42B21AD3BA300BDB498 /* home */ = {
			isa = PBXGroup;
			children = (
				0436044E21ABEAEB008DFA44 /* ViewController.h */,
				0436044F21ABEAEB008DFA44 /* ViewController.m */,
			);
			path = home;
			sourceTree = "<group>";
		};
		04B4D42C21AD3BB400BDB498 /* caculatesign */ = {
			isa = PBXGroup;
			children = (
				0436048021ABEE56008DFA44 /* caculateSignViewController.h */,
				0436048121ABEE56008DFA44 /* caculateSignViewController.m */,
			);
			path = caculatesign;
			sourceTree = "<group>";
		};
		04B4D42D21AD3BD000BDB498 /* checkSign */ = {
			isa = PBXGroup;
			children = (
				04B4D42E21AD3C0C00BDB498 /* checkSigncontroller.h */,
				04B4D42F21AD3C0C00BDB498 /* checkSigncontroller.m */,
			);
			path = checkSign;
			sourceTree = "<group>";
		};
		04B4D43121AD3C2000BDB498 /* caculateFingerprint */ = {
			isa = PBXGroup;
			children = (
				04B4D43221AD3C7400BDB498 /* caculateFingerprintController.h */,
				04B4D43321AD3C7400BDB498 /* caculateFingerprintController.m */,
			);
			path = caculateFingerprint;
			sourceTree = "<group>";
		};
		04B4D43521AD3C7D00BDB498 /* versionInfo */ = {
			isa = PBXGroup;
			children = (
				04B4D43621AD3C9C00BDB498 /* versionInfoController.h */,
				04B4D43721AD3C9C00BDB498 /* versionInfoController.m */,
			);
			path = versionInfo;
			sourceTree = "<group>";
		};
		04B4D43921AD3CB300BDB498 /* AppDelegate */ = {
			isa = PBXGroup;
			children = (
				0436044B21ABEAEB008DFA44 /* AppDelegate.h */,
				0436044C21ABEAEB008DFA44 /* AppDelegate.m */,
			);
			path = AppDelegate;
			sourceTree = "<group>";
		};
		04B4D43A21AD3CDE00BDB498 /* storyboard */ = {
			isa = PBXGroup;
			children = (
				0436045121ABEAEB008DFA44 /* Main.storyboard */,
				0436045921ABEAEE008DFA44 /* LaunchScreen.storyboard */,
			);
			path = storyboard;
			sourceTree = "<group>";
		};
		04B4D43B21AD3DA600BDB498 /* createAccount */ = {
			isa = PBXGroup;
			children = (
				04B4D43C21AD3DC400BDB498 /* createAccountController.h */,
				04B4D43D21AD3DC400BDB498 /* createAccountController.m */,
			);
			path = createAccount;
			sourceTree = "<group>";
		};
		04FFB7F621B23D42005F5701 /* general_class */ = {
			isa = PBXGroup;
			children = (
				04FFB7F721B23D9B005F5701 /* Keysave.h */,
				04FFB7F821B23D9B005F5701 /* Keysave.m */,
			);
			path = general_class;
			sourceTree = "<group>";
		};
		6414896766F349527B83561C /* Pods */ = {
			isa = PBXGroup;
			children = (
				52860F7167674CE6933B4376 /* Pods-secretManagerKit.debug.xcconfig */,
				B805594E42CD0EBB6830880E /* Pods-secretManagerKit.release.xcconfig */,
			);
			path = Pods;
			sourceTree = "<group>";
		};
		9A482AF82D2777375374CEC3 /* Frameworks */ = {
			isa = PBXGroup;
			children = (
				042A986321AD5945008EF564 /* libPods-secretManagerKit.a */,
				042A986121AD5941008EF564 /* libHSEther.a */,
				04B4D4A321AD517C00BDB498 /* libHSEther.a */,
				04B4D46B21AD4A8900BDB498 /* hsether.a */,
				04B4D43F21AD467900BDB498 /* libHSEther.a */,
				02B12B92630F73EA2201A2FF /* libPods-secretManagerKit.a */,
			);
			name = Frameworks;
			sourceTree = "<group>";
		};
/* End PBXGroup section */

/* Begin PBXNativeTarget section */
		0436044721ABEAEB008DFA44 /* secretManagerKit */ = {
			isa = PBXNativeTarget;
			buildConfigurationList = 0436047721ABEAEE008DFA44 /* Build configuration list for PBXNativeTarget "secretManagerKit" */;
			buildPhases = (
				21E9B97A2B15848499B461A0 /* [CP] Check Pods Manifest.lock */,
				0436044421ABEAEB008DFA44 /* Sources */,
				0436044521ABEAEB008DFA44 /* Frameworks */,
				0436044621ABEAEB008DFA44 /* Resources */,
			);
			buildRules = (
			);
			dependencies = (
			);
			name = secretManagerKit;
			productName = secretManagerKit;
			productReference = 0436044821ABEAEB008DFA44 /* secretManagerKit.app */;
			productType = "com.apple.product-type.application";
		};
		0436046221ABEAEE008DFA44 /* secretManagerKitTests */ = {
			isa = PBXNativeTarget;
			buildConfigurationList = 0436047A21ABEAEE008DFA44 /* Build configuration list for PBXNativeTarget "secretManagerKitTests" */;
			buildPhases = (
				0436045F21ABEAEE008DFA44 /* Sources */,
				0436046021ABEAEE008DFA44 /* Frameworks */,
				0436046121ABEAEE008DFA44 /* Resources */,
			);
			buildRules = (
			);
			dependencies = (
				0436046521ABEAEE008DFA44 /* PBXTargetDependency */,
			);
			name = secretManagerKitTests;
			productName = secretManagerKitTests;
			productReference = 0436046321ABEAEE008DFA44 /* secretManagerKitTests.xctest */;
			productType = "com.apple.product-type.bundle.unit-test";
		};
		0436046D21ABEAEE008DFA44 /* secretManagerKitUITests */ = {
			isa = PBXNativeTarget;
			buildConfigurationList = 0436047D21ABEAEE008DFA44 /* Build configuration list for PBXNativeTarget "secretManagerKitUITests" */;
			buildPhases = (
				0436046A21ABEAEE008DFA44 /* Sources */,
				0436046B21ABEAEE008DFA44 /* Frameworks */,
				0436046C21ABEAEE008DFA44 /* Resources */,
			);
			buildRules = (
			);
			dependencies = (
				0436047021ABEAEE008DFA44 /* PBXTargetDependency */,
			);
			name = secretManagerKitUITests;
			productName = secretManagerKitUITests;
			productReference = 0436046E21ABEAEE008DFA44 /* secretManagerKitUITests.xctest */;
			productType = "com.apple.product-type.bundle.ui-testing";
		};
/* End PBXNativeTarget section */

/* Begin PBXProject section */
		0436044021ABEAEB008DFA44 /* Project object */ = {
			isa = PBXProject;
			attributes = {
				LastUpgradeCheck = 1010;
				ORGANIZATIONNAME = "mac ";
				TargetAttributes = {
					0436044721ABEAEB008DFA44 = {
						CreatedOnToolsVersion = 10.1;
					};
					0436046221ABEAEE008DFA44 = {
						CreatedOnToolsVersion = 10.1;
						TestTargetID = 0436044721ABEAEB008DFA44;
					};
					0436046D21ABEAEE008DFA44 = {
						CreatedOnToolsVersion = 10.1;
						TestTargetID = 0436044721ABEAEB008DFA44;
					};
				};
			};
			buildConfigurationList = 0436044321ABEAEB008DFA44 /* Build configuration list for PBXProject "secretManagerKit" */;
			compatibilityVersion = "Xcode 9.3";
			developmentRegion = en;
			hasScannedForEncodings = 0;
			knownRegions = (
				en,
				Base,
			);
			mainGroup = 0436043F21ABEAEB008DFA44;
			productRefGroup = 0436044921ABEAEB008DFA44 /* Products */;
			projectDirPath = "";
			projectRoot = "";
			targets = (
				0436044721ABEAEB008DFA44 /* secretManagerKit */,
				0436046221ABEAEE008DFA44 /* secretManagerKitTests */,
				0436046D21ABEAEE008DFA44 /* secretManagerKitUITests */,
			);
		};
/* End PBXProject section */

/* Begin PBXResourcesBuildPhase section */
		0436044621ABEAEB008DFA44 /* Resources */ = {
			isa = PBXResourcesBuildPhase;
			buildActionMask = 2147483647;
			files = (
				0436045B21ABEAEE008DFA44 /* LaunchScreen.storyboard in Resources */,
				0436045821ABEAEE008DFA44 /* Assets.xcassets in Resources */,
				0436045321ABEAEB008DFA44 /* Main.storyboard in Resources */,
			);
			runOnlyForDeploymentPostprocessing = 0;
		};
		0436046121ABEAEE008DFA44 /* Resources */ = {
			isa = PBXResourcesBuildPhase;
			buildActionMask = 2147483647;
			files = (
			);
			runOnlyForDeploymentPostprocessing = 0;
		};
		0436046C21ABEAEE008DFA44 /* Resources */ = {
			isa = PBXResourcesBuildPhase;
			buildActionMask = 2147483647;
			files = (
			);
			runOnlyForDeploymentPostprocessing = 0;
		};
/* End PBXResourcesBuildPhase section */

/* Begin PBXShellScriptBuildPhase section */
		21E9B97A2B15848499B461A0 /* [CP] Check Pods Manifest.lock */ = {
			isa = PBXShellScriptBuildPhase;
			buildActionMask = 2147483647;
			files = (
			);
			inputFileListPaths = (
			);
			inputPaths = (
				"${PODS_PODFILE_DIR_PATH}/Podfile.lock",
				"${PODS_ROOT}/Manifest.lock",
			);
			name = "[CP] Check Pods Manifest.lock";
			outputFileListPaths = (
			);
			outputPaths = (
				"$(DERIVED_FILE_DIR)/Pods-secretManagerKit-checkManifestLockResult.txt",
			);
			runOnlyForDeploymentPostprocessing = 0;
			shellPath = /bin/sh;
			shellScript = "diff \"${PODS_PODFILE_DIR_PATH}/Podfile.lock\" \"${PODS_ROOT}/Manifest.lock\" > /dev/null\nif [ $? != 0 ] ; then\n    # print error to STDERR\n    echo \"error: The sandbox is not in sync with the Podfile.lock. Run 'pod install' or update your CocoaPods installation.\" >&2\n    exit 1\nfi\n# This output is used by Xcode 'outputs' to avoid re-running this script phase.\necho \"SUCCESS\" > \"${SCRIPT_OUTPUT_FILE_0}\"\n";
			showEnvVarsInLog = 0;
		};
/* End PBXShellScriptBuildPhase section */

/* Begin PBXSourcesBuildPhase section */
		0436044421ABEAEB008DFA44 /* Sources */ = {
			isa = PBXSourcesBuildPhase;
			buildActionMask = 2147483647;
			files = (
				0444D5DB21B51937004E6D30 /* Keysave.m in Sources */,
				04B4D43821AD3C9C00BDB498 /* versionInfoController.m in Sources */,
				04B4D43E21AD3DC400BDB498 /* createAccountController.m in Sources */,
				0436045021ABEAEB008DFA44 /* ViewController.m in Sources */,
				0436044D21ABEAEB008DFA44 /* AppDelegate.m in Sources */,
				0436045E21ABEAEE008DFA44 /* main.m in Sources */,
				0444D5DA21B514EC004E6D30 /* AESCipher.m in Sources */,
				04B4D43021AD3C0C00BDB498 /* checkSigncontroller.m in Sources */,
				0436045621ABEAEB008DFA44 /* secretManagerKit.xcdatamodeld in Sources */,
				0436048221ABEE56008DFA44 /* caculateSignViewController.m in Sources */,
				04B4D43421AD3C7400BDB498 /* caculateFingerprintController.m in Sources */,
				04B4D42521ACF47D00BDB498 /* secretManageViewController.m in Sources */,
			);
			runOnlyForDeploymentPostprocessing = 0;
		};
		0436045F21ABEAEE008DFA44 /* Sources */ = {
			isa = PBXSourcesBuildPhase;
			buildActionMask = 2147483647;
			files = (
				0436046821ABEAEE008DFA44 /* secretManagerKitTests.m in Sources */,
			);
			runOnlyForDeploymentPostprocessing = 0;
		};
		0436046A21ABEAEE008DFA44 /* Sources */ = {
			isa = PBXSourcesBuildPhase;
			buildActionMask = 2147483647;
			files = (
				0436047321ABEAEE008DFA44 /* secretManagerKitUITests.m in Sources */,
			);
			runOnlyForDeploymentPostprocessing = 0;
		};
/* End PBXSourcesBuildPhase section */

/* Begin PBXTargetDependency section */
		0436046521ABEAEE008DFA44 /* PBXTargetDependency */ = {
			isa = PBXTargetDependency;
			target = 0436044721ABEAEB008DFA44 /* secretManagerKit */;
			targetProxy = 0436046421ABEAEE008DFA44 /* PBXContainerItemProxy */;
		};
		0436047021ABEAEE008DFA44 /* PBXTargetDependency */ = {
			isa = PBXTargetDependency;
			target = 0436044721ABEAEB008DFA44 /* secretManagerKit */;
			targetProxy = 0436046F21ABEAEE008DFA44 /* PBXContainerItemProxy */;
		};
/* End PBXTargetDependency section */

/* Begin PBXVariantGroup section */
		0436045121ABEAEB008DFA44 /* Main.storyboard */ = {
			isa = PBXVariantGroup;
			children = (
				0436045221ABEAEB008DFA44 /* Base */,
			);
			name = Main.storyboard;
			sourceTree = "<group>";
		};
		0436045921ABEAEE008DFA44 /* LaunchScreen.storyboard */ = {
			isa = PBXVariantGroup;
			children = (
				0436045A21ABEAEE008DFA44 /* Base */,
			);
			name = LaunchScreen.storyboard;
			sourceTree = "<group>";
		};
/* End PBXVariantGroup section */

/* Begin XCBuildConfiguration section */
		0436047521ABEAEE008DFA44 /* Debug */ = {
			isa = XCBuildConfiguration;
			buildSettings = {
				ALWAYS_SEARCH_USER_PATHS = NO;
				CLANG_ANALYZER_NONNULL = YES;
				CLANG_ANALYZER_NUMBER_OBJECT_CONVERSION = YES_AGGRESSIVE;
				CLANG_CXX_LANGUAGE_STANDARD = "gnu++14";
				CLANG_CXX_LIBRARY = "libc++";
				CLANG_ENABLE_MODULES = YES;
				CLANG_ENABLE_OBJC_ARC = YES;
				CLANG_ENABLE_OBJC_WEAK = YES;
				CLANG_WARN_BLOCK_CAPTURE_AUTORELEASING = YES;
				CLANG_WARN_BOOL_CONVERSION = YES;
				CLANG_WARN_COMMA = YES;
				CLANG_WARN_CONSTANT_CONVERSION = YES;
				CLANG_WARN_DEPRECATED_OBJC_IMPLEMENTATIONS = YES;
				CLANG_WARN_DIRECT_OBJC_ISA_USAGE = YES_ERROR;
				CLANG_WARN_DOCUMENTATION_COMMENTS = YES;
				CLANG_WARN_EMPTY_BODY = YES;
				CLANG_WARN_ENUM_CONVERSION = YES;
				CLANG_WARN_INFINITE_RECURSION = YES;
				CLANG_WARN_INT_CONVERSION = YES;
				CLANG_WARN_NON_LITERAL_NULL_CONVERSION = YES;
				CLANG_WARN_OBJC_IMPLICIT_RETAIN_SELF = YES;
				CLANG_WARN_OBJC_LITERAL_CONVERSION = YES;
				CLANG_WARN_OBJC_ROOT_CLASS = YES_ERROR;
				CLANG_WARN_RANGE_LOOP_ANALYSIS = YES;
				CLANG_WARN_STRICT_PROTOTYPES = YES;
				CLANG_WARN_SUSPICIOUS_MOVE = YES;
				CLANG_WARN_UNGUARDED_AVAILABILITY = YES_AGGRESSIVE;
				CLANG_WARN_UNREACHABLE_CODE = YES;
				CLANG_WARN__DUPLICATE_METHOD_MATCH = YES;
				CODE_SIGN_IDENTITY = "iPhone Developer";
				COPY_PHASE_STRIP = NO;
				DEBUG_INFORMATION_FORMAT = dwarf;
				ENABLE_STRICT_OBJC_MSGSEND = YES;
				ENABLE_TESTABILITY = YES;
				GCC_C_LANGUAGE_STANDARD = gnu11;
				GCC_DYNAMIC_NO_PIC = NO;
				GCC_NO_COMMON_BLOCKS = YES;
				GCC_OPTIMIZATION_LEVEL = 0;
				GCC_PREPROCESSOR_DEFINITIONS = (
					"DEBUG=1",
					"$(inherited)",
				);
				GCC_WARN_64_TO_32_BIT_CONVERSION = YES;
				GCC_WARN_ABOUT_RETURN_TYPE = YES_ERROR;
				GCC_WARN_UNDECLARED_SELECTOR = YES;
				GCC_WARN_UNINITIALIZED_AUTOS = YES_AGGRESSIVE;
				GCC_WARN_UNUSED_FUNCTION = YES;
				GCC_WARN_UNUSED_VARIABLE = YES;
				IPHONEOS_DEPLOYMENT_TARGET = 12.1;
				MTL_ENABLE_DEBUG_INFO = INCLUDE_SOURCE;
				MTL_FAST_MATH = YES;
				ONLY_ACTIVE_ARCH = YES;
				SDKROOT = iphoneos;
			};
			name = Debug;
		};
		0436047621ABEAEE008DFA44 /* Release */ = {
			isa = XCBuildConfiguration;
			buildSettings = {
				ALWAYS_SEARCH_USER_PATHS = NO;
				CLANG_ANALYZER_NONNULL = YES;
				CLANG_ANALYZER_NUMBER_OBJECT_CONVERSION = YES_AGGRESSIVE;
				CLANG_CXX_LANGUAGE_STANDARD = "gnu++14";
				CLANG_CXX_LIBRARY = "libc++";
				CLANG_ENABLE_MODULES = YES;
				CLANG_ENABLE_OBJC_ARC = YES;
				CLANG_ENABLE_OBJC_WEAK = YES;
				CLANG_WARN_BLOCK_CAPTURE_AUTORELEASING = YES;
				CLANG_WARN_BOOL_CONVERSION = YES;
				CLANG_WARN_COMMA = YES;
				CLANG_WARN_CONSTANT_CONVERSION = YES;
				CLANG_WARN_DEPRECATED_OBJC_IMPLEMENTATIONS = YES;
				CLANG_WARN_DIRECT_OBJC_ISA_USAGE = YES_ERROR;
				CLANG_WARN_DOCUMENTATION_COMMENTS = YES;
				CLANG_WARN_EMPTY_BODY = YES;
				CLANG_WARN_ENUM_CONVERSION = YES;
				CLANG_WARN_INFINITE_RECURSION = YES;
				CLANG_WARN_INT_CONVERSION = YES;
				CLANG_WARN_NON_LITERAL_NULL_CONVERSION = YES;
				CLANG_WARN_OBJC_IMPLICIT_RETAIN_SELF = YES;
				CLANG_WARN_OBJC_LITERAL_CONVERSION = YES;
				CLANG_WARN_OBJC_ROOT_CLASS = YES_ERROR;
				CLANG_WARN_RANGE_LOOP_ANALYSIS = YES;
				CLANG_WARN_STRICT_PROTOTYPES = YES;
				CLANG_WARN_SUSPICIOUS_MOVE = YES;
				CLANG_WARN_UNGUARDED_AVAILABILITY = YES_AGGRESSIVE;
				CLANG_WARN_UNREACHABLE_CODE = YES;
				CLANG_WARN__DUPLICATE_METHOD_MATCH = YES;
				CODE_SIGN_IDENTITY = "iPhone Developer";
				COPY_PHASE_STRIP = NO;
				DEBUG_INFORMATION_FORMAT = "dwarf-with-dsym";
				ENABLE_NS_ASSERTIONS = NO;
				ENABLE_STRICT_OBJC_MSGSEND = YES;
				GCC_C_LANGUAGE_STANDARD = gnu11;
				GCC_NO_COMMON_BLOCKS = YES;
				GCC_WARN_64_TO_32_BIT_CONVERSION = YES;
				GCC_WARN_ABOUT_RETURN_TYPE = YES_ERROR;
				GCC_WARN_UNDECLARED_SELECTOR = YES;
				GCC_WARN_UNINITIALIZED_AUTOS = YES_AGGRESSIVE;
				GCC_WARN_UNUSED_FUNCTION = YES;
				GCC_WARN_UNUSED_VARIABLE = YES;
				IPHONEOS_DEPLOYMENT_TARGET = 12.1;
				MTL_ENABLE_DEBUG_INFO = NO;
				MTL_FAST_MATH = YES;
				SDKROOT = iphoneos;
				VALIDATE_PRODUCT = YES;
			};
			name = Release;
		};
		0436047821ABEAEE008DFA44 /* Debug */ = {
			isa = XCBuildConfiguration;
			baseConfigurationReference = 52860F7167674CE6933B4376 /* Pods-secretManagerKit.debug.xcconfig */;
			buildSettings = {
				ASSETCATALOG_COMPILER_APPICON_NAME = AppIcon;
				CODE_SIGN_STYLE = Automatic;
				DEVELOPMENT_TEAM = KN8F3LDN26;
				FRAMEWORK_SEARCH_PATHS = (
					"$(inherited)",
					"$(PROJECT_DIR)",
				);
				INFOPLIST_FILE = secretManagerKit/Info.plist;
				LD_RUNPATH_SEARCH_PATHS = (
					"$(inherited)",
					"@executable_path/Frameworks",
				);
				LIBRARY_SEARCH_PATHS = (
					"$(inherited)",
					"$(PROJECT_DIR)/HSEther/libEther",
					"$(PROJECT_DIR)/Pods/HSEther/HSEther",
				);
				PRODUCT_BUNDLE_IDENTIFIER = XL.secretManagerKit;
				PRODUCT_NAME = "$(TARGET_NAME)";
				TARGETED_DEVICE_FAMILY = "1,2";
			};
			name = Debug;
		};
		0436047921ABEAEE008DFA44 /* Release */ = {
			isa = XCBuildConfiguration;
			baseConfigurationReference = B805594E42CD0EBB6830880E /* Pods-secretManagerKit.release.xcconfig */;
			buildSettings = {
				ASSETCATALOG_COMPILER_APPICON_NAME = AppIcon;
				CODE_SIGN_STYLE = Automatic;
				DEVELOPMENT_TEAM = KN8F3LDN26;
				FRAMEWORK_SEARCH_PATHS = (
					"$(inherited)",
					"$(PROJECT_DIR)",
				);
				INFOPLIST_FILE = secretManagerKit/Info.plist;
				LD_RUNPATH_SEARCH_PATHS = (
					"$(inherited)",
					"@executable_path/Frameworks",
				);
				LIBRARY_SEARCH_PATHS = (
					"$(inherited)",
					"$(PROJECT_DIR)/HSEther/libEther",
					"$(PROJECT_DIR)/Pods/HSEther/HSEther",
				);
				PRODUCT_BUNDLE_IDENTIFIER = XL.secretManagerKit;
				PRODUCT_NAME = "$(TARGET_NAME)";
				TARGETED_DEVICE_FAMILY = "1,2";
			};
			name = Release;
		};
		0436047B21ABEAEE008DFA44 /* Debug */ = {
			isa = XCBuildConfiguration;
			buildSettings = {
				BUNDLE_LOADER = "$(TEST_HOST)";
				CODE_SIGN_STYLE = Automatic;
				DEVELOPMENT_TEAM = KN8F3LDN26;
				INFOPLIST_FILE = secretManagerKitTests/Info.plist;
				LD_RUNPATH_SEARCH_PATHS = (
					"$(inherited)",
					"@executable_path/Frameworks",
					"@loader_path/Frameworks",
				);
				PRODUCT_BUNDLE_IDENTIFIER = XL.secretManagerKitTests;
				PRODUCT_NAME = "$(TARGET_NAME)";
				TARGETED_DEVICE_FAMILY = "1,2";
				TEST_HOST = "$(BUILT_PRODUCTS_DIR)/secretManagerKit.app/secretManagerKit";
			};
			name = Debug;
		};
		0436047C21ABEAEE008DFA44 /* Release */ = {
			isa = XCBuildConfiguration;
			buildSettings = {
				BUNDLE_LOADER = "$(TEST_HOST)";
				CODE_SIGN_STYLE = Automatic;
				DEVELOPMENT_TEAM = KN8F3LDN26;
				INFOPLIST_FILE = secretManagerKitTests/Info.plist;
				LD_RUNPATH_SEARCH_PATHS = (
					"$(inherited)",
					"@executable_path/Frameworks",
					"@loader_path/Frameworks",
				);
				PRODUCT_BUNDLE_IDENTIFIER = XL.secretManagerKitTests;
				PRODUCT_NAME = "$(TARGET_NAME)";
				TARGETED_DEVICE_FAMILY = "1,2";
				TEST_HOST = "$(BUILT_PRODUCTS_DIR)/secretManagerKit.app/secretManagerKit";
			};
			name = Release;
		};
		0436047E21ABEAEE008DFA44 /* Debug */ = {
			isa = XCBuildConfiguration;
			buildSettings = {
				CODE_SIGN_STYLE = Automatic;
				DEVELOPMENT_TEAM = KN8F3LDN26;
				INFOPLIST_FILE = secretManagerKitUITests/Info.plist;
				LD_RUNPATH_SEARCH_PATHS = (
					"$(inherited)",
					"@executable_path/Frameworks",
					"@loader_path/Frameworks",
				);
				PRODUCT_BUNDLE_IDENTIFIER = XL.secretManagerKitUITests;
				PRODUCT_NAME = "$(TARGET_NAME)";
				TARGETED_DEVICE_FAMILY = "1,2";
				TEST_TARGET_NAME = secretManagerKit;
			};
			name = Debug;
		};
		0436047F21ABEAEE008DFA44 /* Release */ = {
			isa = XCBuildConfiguration;
			buildSettings = {
				CODE_SIGN_STYLE = Automatic;
				DEVELOPMENT_TEAM = KN8F3LDN26;
				INFOPLIST_FILE = secretManagerKitUITests/Info.plist;
				LD_RUNPATH_SEARCH_PATHS = (
					"$(inherited)",
					"@executable_path/Frameworks",
					"@loader_path/Frameworks",
				);
				PRODUCT_BUNDLE_IDENTIFIER = XL.secretManagerKitUITests;
				PRODUCT_NAME = "$(TARGET_NAME)";
				TARGETED_DEVICE_FAMILY = "1,2";
				TEST_TARGET_NAME = secretManagerKit;
			};
			name = Release;
		};
/* End XCBuildConfiguration section */

/* Begin XCConfigurationList section */
		0436044321ABEAEB008DFA44 /* Build configuration list for PBXProject "secretManagerKit" */ = {
			isa = XCConfigurationList;
			buildConfigurations = (
				0436047521ABEAEE008DFA44 /* Debug */,
				0436047621ABEAEE008DFA44 /* Release */,
			);
			defaultConfigurationIsVisible = 0;
			defaultConfigurationName = Release;
		};
		0436047721ABEAEE008DFA44 /* Build configuration list for PBXNativeTarget "secretManagerKit" */ = {
			isa = XCConfigurationList;
			buildConfigurations = (
				0436047821ABEAEE008DFA44 /* Debug */,
				0436047921ABEAEE008DFA44 /* Release */,
			);
			defaultConfigurationIsVisible = 0;
			defaultConfigurationName = Release;
		};
		0436047A21ABEAEE008DFA44 /* Build configuration list for PBXNativeTarget "secretManagerKitTests" */ = {
			isa = XCConfigurationList;
			buildConfigurations = (
				0436047B21ABEAEE008DFA44 /* Debug */,
				0436047C21ABEAEE008DFA44 /* Release */,
			);
			defaultConfigurationIsVisible = 0;
			defaultConfigurationName = Release;
		};
		0436047D21ABEAEE008DFA44 /* Build configuration list for PBXNativeTarget "secretManagerKitUITests" */ = {
			isa = XCConfigurationList;
			buildConfigurations = (
				0436047E21ABEAEE008DFA44 /* Debug */,
				0436047F21ABEAEE008DFA44 /* Release */,
			);
			defaultConfigurationIsVisible = 0;
			defaultConfigurationName = Release;
		};
/* End XCConfigurationList section */

/* Begin XCVersionGroup section */
		0436045421ABEAEB008DFA44 /* secretManagerKit.xcdatamodeld */ = {
			isa = XCVersionGroup;
			children = (
				0436045521ABEAEB008DFA44 /* secretManagerKit.xcdatamodel */,
			);
			currentVersion = 0436045521ABEAEB008DFA44 /* secretManagerKit.xcdatamodel */;
			path = secretManagerKit.xcdatamodeld;
			sourceTree = "<group>";
			versionGroupType = wrapper.xcdatamodel;
		};
/* End XCVersionGroup section */
	};
	rootObject = 0436044021ABEAEB008DFA44 /* Project object */;
}
